
Microsoft Visual Studio Solution File, Format Version 12.00
# Visual Studio Version 17
VisualStudioVersion = 17.6.33829.357
MinimumVisualStudioVersion = 10.0.40219.1
Project("{FAE04EC0-301F-11D3-BF4B-00C04F79EFBC}") = "MaxAlgorithm", "MaxAlgorithm\MaxAlgorithm.csproj", "{81C213B2-FD49-41E0-AE56-047FD6684707}"
EndProject
Global
	GlobalSection(SolutionConfigurationPlatforms) = preSolution
		Debug|Any CPU = Debug|Any CPU
		Release|Any CPU = Release|Any CPU
	EndGlobalSection
	GlobalSection(ProjectConfigurationPlatforms) = postSolution
		{81C213B2-FD49-41E0-AE56-047FD6684707}.Debug|Any CPU.ActiveCfg = Debug|Any CPU
		{81C213B2-FD49-41E0-AE56-047FD6684707}.Debug|Any CPU.Build.0 = Debug|Any CPU
		{81C213B2-FD49-41E0-AE56-047FD6684707}.Release|Any CPU.ActiveCfg = Release|Any CPU
		{81C213B2-FD49-41E0-AE56-047FD6684707}.Release|Any CPU.Build.0 = Release|Any CPU
	EndGlobalSection
	GlobalSection(SolutionProperties) = preSolution
		HideSolutionNode = FALSE
	EndGlobalSection
	GlobalSection(ExtensibilityGlobals) = postSolution
		SolutionGuid = {2BE17009-6097-4165-B903-8BE29744B238}
	EndGlobalSection
EndGlobal
