
Microsoft Visual Studio Solution File, Format Version 12.00
# Visual Studio Version 17
VisualStudioVersion = 17.6.33829.357
MinimumVisualStudioVersion = 10.0.40219.1
Project("{FAE04EC0-301F-11D3-BF4B-00C04F79EFBC}") = "AverageAlgorithm", "AverageAlgorithm\AverageAlgorithm.csproj", "{4637E676-495D-4645-8C8B-228BB039C373}"
EndProject
Global
	GlobalSection(SolutionConfigurationPlatforms) = preSolution
		Debug|Any CPU = Debug|Any CPU
		Release|Any CPU = Release|Any CPU
	EndGlobalSection
	GlobalSection(ProjectConfigurationPlatforms) = postSolution
		{4637E676-495D-4645-8C8B-228BB039C373}.Debug|Any CPU.ActiveCfg = Debug|Any CPU
		{4637E676-495D-4645-8C8B-228BB039C373}.Debug|Any CPU.Build.0 = Debug|Any CPU
		{4637E676-495D-4645-8C8B-228BB039C373}.Release|Any CPU.ActiveCfg = Release|Any CPU
		{4637E676-495D-4645-8C8B-228BB039C373}.Release|Any CPU.Build.0 = Release|Any CPU
	EndGlobalSection
	GlobalSection(SolutionProperties) = preSolution
		HideSolutionNode = FALSE
	EndGlobalSection
	GlobalSection(ExtensibilityGlobals) = postSolution
		SolutionGuid = {B85BF642-BB32-4FB8-9379-9F0D0A15F906}
	EndGlobalSection
EndGlobal
