
Microsoft Visual Studio Solution File, Format Version 12.00
# Visual Studio Version 17
VisualStudioVersion = 17.7.34009.444
MinimumVisualStudioVersion = 10.0.40219.1
Project("{FAE04EC0-301F-11D3-BF4B-00C04F79EFBC}") = "LinkedListAlgorithm", "LinkedListAlgorithm\LinkedListAlgorithm.csproj", "{6BCCE423-58DC-4006-97FF-48F74A8F88BA}"
EndProject
Global
	GlobalSection(SolutionConfigurationPlatforms) = preSolution
		Debug|Any CPU = Debug|Any CPU
		Release|Any CPU = Release|Any CPU
	EndGlobalSection
	GlobalSection(ProjectConfigurationPlatforms) = postSolution
		{6BCCE423-58DC-4006-97FF-48F74A8F88BA}.Debug|Any CPU.ActiveCfg = Debug|Any CPU
		{6BCCE423-58DC-4006-97FF-48F74A8F88BA}.Debug|Any CPU.Build.0 = Debug|Any CPU
		{6BCCE423-58DC-4006-97FF-48F74A8F88BA}.Release|Any CPU.ActiveCfg = Release|Any CPU
		{6BCCE423-58DC-4006-97FF-48F74A8F88BA}.Release|Any CPU.Build.0 = Release|Any CPU
	EndGlobalSection
	GlobalSection(SolutionProperties) = preSolution
		HideSolutionNode = FALSE
	EndGlobalSection
	GlobalSection(ExtensibilityGlobals) = postSolution
		SolutionGuid = {3B051F45-1573-4D93-835B-CDC6AE1454F4}
	EndGlobalSection
EndGlobal
